
Microsoft Visual Studio Solution File, Format Version 12.00
# Visual Studio 15
VisualStudioVersion = 15.0.28010.2036
MinimumVisualStudioVersion = 10.0.40219.1
Project("{FAE04EC0-301F-11D3-BF4B-00C04F79EFBC}") = "Server", "Server\Server.csproj", "{5986D1B5-B29D-43CB-99D1-124F055889F1}"
EndProject
Project("{FAE04EC0-301F-11D3-BF4B-00C04F79EFBC}") = "Client", "Client\Client.csproj", "{BFA23041-F4AE-4572-A7B8-501DE675407E}"
EndProject
Global
	GlobalSection(SolutionConfigurationPlatforms) = preSolution
		Debug|Any CPU = Debug|Any CPU
		Release|Any CPU = Release|Any CPU
	EndGlobalSection
	GlobalSection(ProjectConfigurationPlatforms) = postSolution
		{5986D1B5-B29D-43CB-99D1-124F055889F1}.Debug|Any CPU.ActiveCfg = Debug|Any CPU
		{5986D1B5-B29D-43CB-99D1-124F055889F1}.Debug|Any CPU.Build.0 = Debug|Any CPU
		{5986D1B5-B29D-43CB-99D1-124F055889F1}.Release|Any CPU.ActiveCfg = Release|Any CPU
		{5986D1B5-B29D-43CB-99D1-124F055889F1}.Release|Any CPU.Build.0 = Release|Any CPU
		{BFA23041-F4AE-4572-A7B8-501DE675407E}.Debug|Any CPU.ActiveCfg = Debug|Any CPU
		{BFA23041-F4AE-4572-A7B8-501DE675407E}.Debug|Any CPU.Build.0 = Debug|Any CPU
		{BFA23041-F4AE-4572-A7B8-501DE675407E}.Release|Any CPU.ActiveCfg = Release|Any CPU
		{BFA23041-F4AE-4572-A7B8-501DE675407E}.Release|Any CPU.Build.0 = Release|Any CPU
	EndGlobalSection
	GlobalSection(SolutionProperties) = preSolution
		HideSolutionNode = FALSE
	EndGlobalSection
	GlobalSection(ExtensibilityGlobals) = postSolution
		SolutionGuid = {AFF2E15E-A11F-4D57-B8A5-87D56A98F323}
	EndGlobalSection
EndGlobal
